
Microsoft Visual Studio Solution File, Format Version 12.00
# Visual Studio Version 17
VisualStudioVersion = 17.9.34622.214
MinimumVisualStudioVersion = 10.0.40219.1
Project("{FAE04EC0-301F-11D3-BF4B-00C04F79EFBC}") = "Ct1450_Evidence", "Ct1450_Evidence\Ct1450_Evidence.csproj", "{5CDC8AF4-12A1-47F3-B82A-581D30DE3AD1}"
EndProject
Global
	GlobalSection(SolutionConfigurationPlatforms) = preSolution
		Debug|Any CPU = Debug|Any CPU
		Release|Any CPU = Release|Any CPU
	EndGlobalSection
	GlobalSection(ProjectConfigurationPlatforms) = postSolution
		{5CDC8AF4-12A1-47F3-B82A-581D30DE3AD1}.Debug|Any CPU.ActiveCfg = Debug|Any CPU
		{5CDC8AF4-12A1-47F3-B82A-581D30DE3AD1}.Debug|Any CPU.Build.0 = Debug|Any CPU
		{5CDC8AF4-12A1-47F3-B82A-581D30DE3AD1}.Release|Any CPU.ActiveCfg = Release|Any CPU
		{5CDC8AF4-12A1-47F3-B82A-581D30DE3AD1}.Release|Any CPU.Build.0 = Release|Any CPU
	EndGlobalSection
	GlobalSection(SolutionProperties) = preSolution
		HideSolutionNode = FALSE
	EndGlobalSection
	GlobalSection(ExtensibilityGlobals) = postSolution
		SolutionGuid = {361C5082-EB5A-4D1E-87E8-858DA8B3F312}
	EndGlobalSection
EndGlobal
